Microsoft Visual Studio Solution File, Format Version 12.00
# Visual Studio Version 16
VisualStudioVersion = 16.0.28922.388
MinimumVisualStudioVersion = 10.0.40219.1
Project("{9A19103F-16F7-4668-BE54-9A1E7A4F7556}") = "SchoolLibrary", "SchoolLibrary\SchoolLibrary.csproj", "{E0AFBD7B-2F37-493C-ACFE-811D9530F6D4}"
EndProject
Project("{9A19103F-16F7-4668-BE54-9A1E7A4F7556}") = "DataStructures", "DataStructures\DataStructures.csproj", "{BB8F8CF4-763F-4CC8-A0D4-4BB99FC65D9C}"
EndProject
Project("{9A19103F-16F7-4668-BE54-9A1E7A4F7556}") = "Test", "Test\Test.csproj", "{83C6E79B-71D3-4533-B800-D6C648A3FCEC}"
EndProject
Project("{9A19103F-16F7-4668-BE54-9A1E7A4F7556}") = "DoublyLinkedList", "DoublyLinkedList\DoublyLinkedList.csproj", "{1AA08BB4-BEBE-48BE-A748-B16D0BCEC2CA}"
EndProject
Project("{9A19103F-16F7-4668-BE54-9A1E7A4F7556}") = "Collections", "Collections\Collections.csproj", "{03BACB18-A70D-406A-8F11-56CE970D22FA}"
EndProject
Project("{FAE04EC0-301F-11D3-BF4B-00C04F79EFBC}") = "Generics", "Generics\Generics.csproj", "{EE1904E5-DF1F-4660-9FF2-ACDBAF8A19D2}"
EndProject
Global
	GlobalSection(SolutionConfigurationPlatforms) = preSolution
		Debug|Any CPU = Debug|Any CPU
		Release|Any CPU = Release|Any CPU
	EndGlobalSection
	GlobalSection(ProjectConfigurationPlatforms) = postSolution
		{E0AFBD7B-2F37-493C-ACFE-811D9530F6D4}.Debug|Any CPU.ActiveCfg = Debug|Any CPU
		{E0AFBD7B-2F37-493C-ACFE-811D9530F6D4}.Debug|Any CPU.Build.0 = Debug|Any CPU
		{E0AFBD7B-2F37-493C-ACFE-811D9530F6D4}.Release|Any CPU.ActiveCfg = Release|Any CPU
		{E0AFBD7B-2F37-493C-ACFE-811D9530F6D4}.Release|Any CPU.Build.0 = Release|Any CPU
		{BB8F8CF4-763F-4CC8-A0D4-4BB99FC65D9C}.Debug|Any CPU.ActiveCfg = Debug|Any CPU
		{BB8F8CF4-763F-4CC8-A0D4-4BB99FC65D9C}.Debug|Any CPU.Build.0 = Debug|Any CPU
		{BB8F8CF4-763F-4CC8-A0D4-4BB99FC65D9C}.Release|Any CPU.ActiveCfg = Release|Any CPU
		{BB8F8CF4-763F-4CC8-A0D4-4BB99FC65D9C}.Release|Any CPU.Build.0 = Release|Any CPU
		{83C6E79B-71D3-4533-B800-D6C648A3FCEC}.Debug|Any CPU.ActiveCfg = Debug|Any CPU
		{83C6E79B-71D3-4533-B800-D6C648A3FCEC}.Debug|Any CPU.Build.0 = Debug|Any CPU
		{83C6E79B-71D3-4533-B800-D6C648A3FCEC}.Release|Any CPU.ActiveCfg = Release|Any CPU
		{83C6E79B-71D3-4533-B800-D6C648A3FCEC}.Release|Any CPU.Build.0 = Release|Any CPU
		{1AA08BB4-BEBE-48BE-A748-B16D0BCEC2CA}.Debug|Any CPU.ActiveCfg = Debug|Any CPU
		{1AA08BB4-BEBE-48BE-A748-B16D0BCEC2CA}.Debug|Any CPU.Build.0 = Debug|Any CPU
		{1AA08BB4-BEBE-48BE-A748-B16D0BCEC2CA}.Release|Any CPU.ActiveCfg = Release|Any CPU
		{1AA08BB4-BEBE-48BE-A748-B16D0BCEC2CA}.Release|Any CPU.Build.0 = Release|Any CPU
		{03BACB18-A70D-406A-8F11-56CE970D22FA}.Debug|Any CPU.ActiveCfg = Debug|Any CPU
		{03BACB18-A70D-406A-8F11-56CE970D22FA}.Debug|Any CPU.Build.0 = Debug|Any CPU
		{03BACB18-A70D-406A-8F11-56CE970D22FA}.Release|Any CPU.ActiveCfg = Release|Any CPU
		{03BACB18-A70D-406A-8F11-56CE970D22FA}.Release|Any CPU.Build.0 = Release|Any CPU
		{EE1904E5-DF1F-4660-9FF2-ACDBAF8A19D2}.Debug|Any CPU.ActiveCfg = Debug|Any CPU
		{EE1904E5-DF1F-4660-9FF2-ACDBAF8A19D2}.Debug|Any CPU.Build.0 = Debug|Any CPU
		{EE1904E5-DF1F-4660-9FF2-ACDBAF8A19D2}.Release|Any CPU.ActiveCfg = Release|Any CPU
		{EE1904E5-DF1F-4660-9FF2-ACDBAF8A19D2}.Release|Any CPU.Build.0 = Release|Any CPU
	EndGlobalSection
	GlobalSection(SolutionProperties) = preSolution
		HideSolutionNode = FALSE
	EndGlobalSection
	GlobalSection(ExtensibilityGlobals) = postSolution
		SolutionGuid = {AE1BC4FA-9B5A-4DC1-98DC-DD054FFC4610}
	EndGlobalSection
EndGlobal
